{
  "name": "sdgjlbl-slides",
  "version": "1.0.0",
  "lockfileVersion": 1,
  "requires": true,
  "dependencies": {
    "commander": {
      "version": "4.0.0",
      "resolved": "https://registry.npmjs.org/commander/-/commander-4.0.0.tgz",
      "integrity": "sha512-SEa2abMBTZuEjLVYpNrAFoRgxPwG4rXP3+SGY6CM/HZGeDzIA7Pzp+7H3AHDukKEpyy2SoSGGPShKqqfH9T9AQ=="
    },
    "esm": {
      "version": "3.2.25",
      "resolved": "https://registry.npmjs.org/esm/-/esm-3.2.25.tgz",
      "integrity": "sha512-U1suiZ2oDVWv4zPO56S0NcR5QriEahGtdN2OR6FiOG4WJvcjBVFB0qI4+eKoWFH483PKGuLuu6V8Z4T5g63UVA=="
    },
    "mathjax": {
      "version": "3.0.0",
      "resolved": "https://registry.npmjs.org/mathjax/-/mathjax-3.0.0.tgz",
      "integrity": "sha512-z4uLbDHNbs/aRuR6zCcnzwFQuMixkHCcWqgVaommfK/3cA1Ahq7OXemn+m8JwTYcBApSHgcrSbPr9sm3sZFL+A==",
      "requires": {
        "mathjax-full": "git://github.com/mathjax/MathJax-src.git"
      }
    },
    "mathjax-full": {
      "version": "git://github.com/mathjax/MathJax-src.git#1e1a30f0a89e52fa7764dbb510763145a4da49f1",
      "from": "git://github.com/mathjax/MathJax-src.git",
      "requires": {
        "esm": "^3.2.25",
        "mj-context-menu": "^0.2.0",
        "speech-rule-engine": "^3.0.0-beta.6"
      }
    },
    "mj-context-menu": {
      "version": "0.2.0",
      "resolved": "https://registry.npmjs.org/mj-context-menu/-/mj-context-menu-0.2.0.tgz",
      "integrity": "sha512-yJxrWBHCjFZEHsZgfs7m5g9OSCNzsVYadW6f6lX3pgZL67vmodtSW/4zhsYmuDKweXfHs0M1kJge1uQIasWA+g=="
    },
    "reveal.js": {
      "version": "3.8.0",
      "resolved": "https://registry.npmjs.org/reveal.js/-/reveal.js-3.8.0.tgz",
      "integrity": "sha512-MQ+UBXIIL9IyBXhkLZWb/AG5h5/BedmnHXHIEavMBawNLVfAayvTrwNlDjGn4tf/CQ2CTJR8jSyIdu4RpfoLpg=="
    },
    "speech-rule-engine": {
      "version": "3.0.0-beta.6",
      "resolved": "https://registry.npmjs.org/speech-rule-engine/-/speech-rule-engine-3.0.0-beta.6.tgz",
      "integrity": "sha512-B7gcT53jAsKpx7WvFYQcyUlFmgS3Wa9KlDy0FY8SOTa+Wz5EqmI0MpCD5/fYm8/2qiCPp8HwZg+H3cBgM+sNVw==",
      "requires": {
        "commander": "*",
        "wicked-good-xpath": "*",
        "xmldom-sre": "^0.1.31"
      }
    },
    "wicked-good-xpath": {
      "version": "1.3.0",
      "resolved": "https://registry.npmjs.org/wicked-good-xpath/-/wicked-good-xpath-1.3.0.tgz",
      "integrity": "sha1-gbDpXoZQ5JyUsiKY//hoa1VTz2w="
    },
    "xmldom-sre": {
      "version": "0.1.31",
      "resolved": "https://registry.npmjs.org/xmldom-sre/-/xmldom-sre-0.1.31.tgz",
      "integrity": "sha512-f9s+fUkX04BxQf+7mMWAp5zk61pciie+fFLC9hX9UVvCeJQfNHRHXpeo5MPcR0EUf57PYLdt+ZO4f3Ipk2oZUw=="
    }
  }
}
