{
  "name": "sdgjlbl-slides",
  "version": "1.0.0",
  "lockfileVersion": 2,
  "requires": true,
  "packages": {
    "": {
      "name": "sdgjlbl-slides",
      "version": "1.0.0",
      "license": "ISC",
      "dependencies": {
        "mathjax": "^2.7",
        "reveal.js": "*"
      }
    },
    "node_modules/mathjax": {
      "version": "2.7.9",
      "resolved": "https://registry.npmjs.org/mathjax/-/mathjax-2.7.9.tgz",
      "integrity": "sha512-NOGEDTIM9+MrsqnjPEjVGNx4q0GQxqm61yQwSK+/5S59i26wId5IC5gNu9/bu8+CCVl5p9G2IHcAl/wJa+5+BQ=="
    },
    "node_modules/reveal.js": {
      "version": "4.3.1",
      "resolved": "https://registry.npmjs.org/reveal.js/-/reveal.js-4.3.1.tgz",
      "integrity": "sha512-1kyEnWeUkaCdBdX//XXq9dtBK95ppvIlSwlHelrP8/wrX6LcsYp4HT9WTFoFEOUBfVqkm8C2aHQ367o+UKfcxw==",
      "engines": {
        "node": ">=10.0.0"
      }
    }
  },
  "dependencies": {
    "mathjax": {
      "version": "2.7.9",
      "resolved": "https://registry.npmjs.org/mathjax/-/mathjax-2.7.9.tgz",
      "integrity": "sha512-NOGEDTIM9+MrsqnjPEjVGNx4q0GQxqm61yQwSK+/5S59i26wId5IC5gNu9/bu8+CCVl5p9G2IHcAl/wJa+5+BQ=="
    },
    "reveal.js": {
      "version": "4.3.1",
      "resolved": "https://registry.npmjs.org/reveal.js/-/reveal.js-4.3.1.tgz",
      "integrity": "sha512-1kyEnWeUkaCdBdX//XXq9dtBK95ppvIlSwlHelrP8/wrX6LcsYp4HT9WTFoFEOUBfVqkm8C2aHQ367o+UKfcxw=="
    }
  }
}
